
Microsoft Visual Studio Solution File, Format Version 12.00
# Visual Studio Version 17
VisualStudioVersion = 17.10.34928.147
MinimumVisualStudioVersion = 10.0.40219.1
Project("{8BC9CEB8-8B4A-11D0-8D11-00A0C91BC942}") = "LAB07", "LAB07.vcxproj", "{7D77148D-AAB0-4118-A106-C7B41E7D8342}"
EndProject
Project("{8BC9CEB8-8B4A-11D0-8D11-00A0C91BC942}") = "LAB07-2", "..\LAB07-2\LAB07-2.vcxproj", "{91C577F8-8593-4A38-A003-58BB770A2DFF}"
EndProject
Project("{8BC9CEB8-8B4A-11D0-8D11-00A0C91BC942}") = "LAB07-3", "..\LAB07-3\LAB07-3.vcxproj", "{34611FF0-84E0-486A-9E65-6361325F5F86}"
EndProject
Project("{8BC9CEB8-8B4A-11D0-8D11-00A0C91BC942}") = "LAB07-4", "..\LAB07-4\LAB07-4.vcxproj", "{3EC34BE1-5ADD-46C5-B30D-38DA258889A8}"
EndProject
Project("{8BC9CEB8-8B4A-11D0-8D11-00A0C91BC942}") = "LAB07-5", "..\LAB07-5\LAB07-5.vcxproj", "{1A65D164-1B93-465C-9E19-ADCB4184497C}"
EndProject
Project("{8BC9CEB8-8B4A-11D0-8D11-00A0C91BC942}") = "LAB07-6", "..\LAB07-6\LAB07-6.vcxproj", "{D3105A08-9106-4DB8-BDD3-BC324A995458}"
EndProject
Project("{8BC9CEB8-8B4A-11D0-8D11-00A0C91BC942}") = "LAB07-7", "..\LAB07-7\LAB07-7.vcxproj", "{07808EC8-CBE0-4128-B067-19333E723181}"
EndProject
Global
	GlobalSection(SolutionConfigurationPlatforms) = preSolution
		Debug|x64 = Debug|x64
		Debug|x86 = Debug|x86
		Release|x64 = Release|x64
		Release|x86 = Release|x86
	EndGlobalSection
	GlobalSection(ProjectConfigurationPlatforms) = postSolution
		{7D77148D-AAB0-4118-A106-C7B41E7D8342}.Debug|x64.ActiveCfg = Debug|x64
		{7D77148D-AAB0-4118-A106-C7B41E7D8342}.Debug|x64.Build.0 = Debug|x64
		{7D77148D-AAB0-4118-A106-C7B41E7D8342}.Debug|x86.ActiveCfg = Debug|Win32
		{7D77148D-AAB0-4118-A106-C7B41E7D8342}.Debug|x86.Build.0 = Debug|Win32
		{7D77148D-AAB0-4118-A106-C7B41E7D8342}.Release|x64.ActiveCfg = Release|x64
		{7D77148D-AAB0-4118-A106-C7B41E7D8342}.Release|x64.Build.0 = Release|x64
		{7D77148D-AAB0-4118-A106-C7B41E7D8342}.Release|x86.ActiveCfg = Release|Win32
		{7D77148D-AAB0-4118-A106-C7B41E7D8342}.Release|x86.Build.0 = Release|Win32
		{91C577F8-8593-4A38-A003-58BB770A2DFF}.Debug|x64.ActiveCfg = Debug|x64
		{91C577F8-8593-4A38-A003-58BB770A2DFF}.Debug|x64.Build.0 = Debug|x64
		{91C577F8-8593-4A38-A003-58BB770A2DFF}.Debug|x86.ActiveCfg = Debug|Win32
		{91C577F8-8593-4A38-A003-58BB770A2DFF}.Debug|x86.Build.0 = Debug|Win32
		{91C577F8-8593-4A38-A003-58BB770A2DFF}.Release|x64.ActiveCfg = Release|x64
		{91C577F8-8593-4A38-A003-58BB770A2DFF}.Release|x64.Build.0 = Release|x64
		{91C577F8-8593-4A38-A003-58BB770A2DFF}.Release|x86.ActiveCfg = Release|Win32
		{91C577F8-8593-4A38-A003-58BB770A2DFF}.Release|x86.Build.0 = Release|Win32
		{34611FF0-84E0-486A-9E65-6361325F5F86}.Debug|x64.ActiveCfg = Debug|x64
		{34611FF0-84E0-486A-9E65-6361325F5F86}.Debug|x64.Build.0 = Debug|x64
		{34611FF0-84E0-486A-9E65-6361325F5F86}.Debug|x86.ActiveCfg = Debug|Win32
		{34611FF0-84E0-486A-9E65-6361325F5F86}.Debug|x86.Build.0 = Debug|Win32
		{34611FF0-84E0-486A-9E65-6361325F5F86}.Release|x64.ActiveCfg = Release|x64
		{34611FF0-84E0-486A-9E65-6361325F5F86}.Release|x64.Build.0 = Release|x64
		{34611FF0-84E0-486A-9E65-6361325F5F86}.Release|x86.ActiveCfg = Release|Win32
		{34611FF0-84E0-486A-9E65-6361325F5F86}.Release|x86.Build.0 = Release|Win32
		{3EC34BE1-5ADD-46C5-B30D-38DA258889A8}.Debug|x64.ActiveCfg = Debug|x64
		{3EC34BE1-5ADD-46C5-B30D-38DA258889A8}.Debug|x64.Build.0 = Debug|x64
		{3EC34BE1-5ADD-46C5-B30D-38DA258889A8}.Debug|x86.ActiveCfg = Debug|Win32
		{3EC34BE1-5ADD-46C5-B30D-38DA258889A8}.Debug|x86.Build.0 = Debug|Win32
		{3EC34BE1-5ADD-46C5-B30D-38DA258889A8}.Release|x64.ActiveCfg = Release|x64
		{3EC34BE1-5ADD-46C5-B30D-38DA258889A8}.Release|x64.Build.0 = Release|x64
		{3EC34BE1-5ADD-46C5-B30D-38DA258889A8}.Release|x86.ActiveCfg = Release|Win32
		{3EC34BE1-5ADD-46C5-B30D-38DA258889A8}.Release|x86.Build.0 = Release|Win32
		{1A65D164-1B93-465C-9E19-ADCB4184497C}.Debug|x64.ActiveCfg = Debug|x64
		{1A65D164-1B93-465C-9E19-ADCB4184497C}.Debug|x64.Build.0 = Debug|x64
		{1A65D164-1B93-465C-9E19-ADCB4184497C}.Debug|x86.ActiveCfg = Debug|Win32
		{1A65D164-1B93-465C-9E19-ADCB4184497C}.Debug|x86.Build.0 = Debug|Win32
		{1A65D164-1B93-465C-9E19-ADCB4184497C}.Release|x64.ActiveCfg = Release|x64
		{1A65D164-1B93-465C-9E19-ADCB4184497C}.Release|x64.Build.0 = Release|x64
		{1A65D164-1B93-465C-9E19-ADCB4184497C}.Release|x86.ActiveCfg = Release|Win32
		{1A65D164-1B93-465C-9E19-ADCB4184497C}.Release|x86.Build.0 = Release|Win32
		{D3105A08-9106-4DB8-BDD3-BC324A995458}.Debug|x64.ActiveCfg = Debug|x64
		{D3105A08-9106-4DB8-BDD3-BC324A995458}.Debug|x64.Build.0 = Debug|x64
		{D3105A08-9106-4DB8-BDD3-BC324A995458}.Debug|x86.ActiveCfg = Debug|Win32
		{D3105A08-9106-4DB8-BDD3-BC324A995458}.Debug|x86.Build.0 = Debug|Win32
		{D3105A08-9106-4DB8-BDD3-BC324A995458}.Release|x64.ActiveCfg = Release|x64
		{D3105A08-9106-4DB8-BDD3-BC324A995458}.Release|x64.Build.0 = Release|x64
		{D3105A08-9106-4DB8-BDD3-BC324A995458}.Release|x86.ActiveCfg = Release|Win32
		{D3105A08-9106-4DB8-BDD3-BC324A995458}.Release|x86.Build.0 = Release|Win32
		{07808EC8-CBE0-4128-B067-19333E723181}.Debug|x64.ActiveCfg = Debug|x64
		{07808EC8-CBE0-4128-B067-19333E723181}.Debug|x64.Build.0 = Debug|x64
		{07808EC8-CBE0-4128-B067-19333E723181}.Debug|x86.ActiveCfg = Debug|Win32
		{07808EC8-CBE0-4128-B067-19333E723181}.Debug|x86.Build.0 = Debug|Win32
		{07808EC8-CBE0-4128-B067-19333E723181}.Release|x64.ActiveCfg = Release|x64
		{07808EC8-CBE0-4128-B067-19333E723181}.Release|x64.Build.0 = Release|x64
		{07808EC8-CBE0-4128-B067-19333E723181}.Release|x86.ActiveCfg = Release|Win32
		{07808EC8-CBE0-4128-B067-19333E723181}.Release|x86.Build.0 = Release|Win32
	EndGlobalSection
	GlobalSection(SolutionProperties) = preSolution
		HideSolutionNode = FALSE
	EndGlobalSection
	GlobalSection(ExtensibilityGlobals) = postSolution
		SolutionGuid = {16F9F9A0-F6C6-444C-ACCF-FA3273CE24FD}
	EndGlobalSection
EndGlobal
